
Microsoft Visual Studio Solution File, Format Version 12.00
# Visual Studio 15
VisualStudioVersion = 15.0.27130.2036
MinimumVisualStudioVersion = 10.0.40219.1
Project("{8BC9CEB8-8B4A-11D0-8D11-00A0C91BC942}") = "Breakout", "Breakout\Breakout.vcxproj", "{CE54EB4C-83C6-475C-9644-413B33FD47FC}"
EndProject
Global
	GlobalSection(SolutionConfigurationPlatforms) = preSolution
		Debug|x64 = Debug|x64
		Debug|x86 = Debug|x86
		Release|x64 = Release|x64
		Release|x86 = Release|x86
		
	EndGlobalSection
	GlobalSection(ProjectConfigurationPlatforms) = postSolution
		{CE54EB4C-83C6-475C-9644-413B33FD47FC}.Debug|x64.ActiveCfg = Debug|x64
		{CE54EB4C-83C6-475C-9644-413B33FD47FC}.Debug|x64.Build.0 = Debug|x64
		{CE54EB4C-83C6-475C-9644-413B33FD47FC}.Debug|x86.ActiveCfg = Debug|Win32
		{CE54EB4C-83C6-475C-9644-413B33FD47FC}.Debug|x86.Build.0 = Debug|Win32
		{CE54EB4C-83C6-475C-9644-413B33FD47FC}.Release|x64.ActiveCfg = Release|x64
		{CE54EB4C-83C6-475C-9644-413B33FD47FC}.Release|x64.Build.0 = Release|x64
		{CE54EB4C-83C6-475C-9644-413B33FD47FC}.Release|x86.ActiveCfg = Release|Win32
		{CE54EB4C-83C6-475C-9644-413B33FD47FC}.Release|x86.Build.0 = Release|Win32
	EndGlobalSection
	GlobalSection(SolutionProperties) = preSolution
		HideSolutionNode = FALSE
	EndGlobalSection
	GlobalSection(ExtensibilityGlobals) = postSolution
		SolutionGuid = {F106A52E-65C7-4B0F-AFA7-9B9D38A0D4D1}
	EndGlobalSection
EndGlobal
